
Microsoft Visual Studio Solution File, Format Version 12.00
# Visual Studio 15
VisualStudioVersion = 15.0.26206.0
MinimumVisualStudioVersion = 10.0.40219.1
Project("{FAE04EC0-301F-11D3-BF4B-00C04F79EFBC}") = "Cookr.clr", "Cookr\Cookr.clr.csproj", "{C88ACDD1-E32B-44D0-94D5-5E2030679DCD}"
EndProject
Project("{FAE04EC0-301F-11D3-BF4B-00C04F79EFBC}") = "Cookr.droid", "Cookr.Droid\Cookr.droid.csproj", "{A42F3BF7-8230-4FD4-BE4E-ED1C5C1379A9}"
EndProject
Project("{FAE04EC0-301F-11D3-BF4B-00C04F79EFBC}") = "Cookr.wpf", "Cookr.wpf\Cookr.wpf.csproj", "{0E816802-0EEA-4820-A593-AA4041239882}"
EndProject
Project("{FAE04EC0-301F-11D3-BF4B-00C04F79EFBC}") = "Cookr.lib", "Cookr.Lib\Cookr.lib.csproj", "{C7E41DFA-5F69-407E-83C2-71929DD4C947}"
EndProject
Project("{FAE04EC0-301F-11D3-BF4B-00C04F79EFBC}") = "Core.data", "Core.data\Core.data.csproj", "{E04EC13D-7071-4529-A849-A6D2E499288C}"
EndProject
Global
	GlobalSection(SolutionConfigurationPlatforms) = preSolution
		Debug|Any CPU = Debug|Any CPU
		Debug|x64 = Debug|x64
		Debug|x86 = Debug|x86
		Release|Any CPU = Release|Any CPU
		Release|x64 = Release|x64
		Release|x86 = Release|x86
	EndGlobalSection
	GlobalSection(ProjectConfigurationPlatforms) = postSolution
		{C88ACDD1-E32B-44D0-94D5-5E2030679DCD}.Debug|Any CPU.ActiveCfg = Debug|Any CPU
		{C88ACDD1-E32B-44D0-94D5-5E2030679DCD}.Debug|Any CPU.Build.0 = Debug|Any CPU
		{C88ACDD1-E32B-44D0-94D5-5E2030679DCD}.Debug|x64.ActiveCfg = Debug|x64
		{C88ACDD1-E32B-44D0-94D5-5E2030679DCD}.Debug|x64.Build.0 = Debug|x64
		{C88ACDD1-E32B-44D0-94D5-5E2030679DCD}.Debug|x86.ActiveCfg = Debug|x86
		{C88ACDD1-E32B-44D0-94D5-5E2030679DCD}.Debug|x86.Build.0 = Debug|x86
		{C88ACDD1-E32B-44D0-94D5-5E2030679DCD}.Release|Any CPU.ActiveCfg = Release|Any CPU
		{C88ACDD1-E32B-44D0-94D5-5E2030679DCD}.Release|Any CPU.Build.0 = Release|Any CPU
		{C88ACDD1-E32B-44D0-94D5-5E2030679DCD}.Release|x64.ActiveCfg = Release|x64
		{C88ACDD1-E32B-44D0-94D5-5E2030679DCD}.Release|x64.Build.0 = Release|x64
		{C88ACDD1-E32B-44D0-94D5-5E2030679DCD}.Release|x86.ActiveCfg = Release|x86
		{C88ACDD1-E32B-44D0-94D5-5E2030679DCD}.Release|x86.Build.0 = Release|x86
		{A42F3BF7-8230-4FD4-BE4E-ED1C5C1379A9}.Debug|Any CPU.ActiveCfg = Debug|Any CPU
		{A42F3BF7-8230-4FD4-BE4E-ED1C5C1379A9}.Debug|Any CPU.Build.0 = Debug|Any CPU
		{A42F3BF7-8230-4FD4-BE4E-ED1C5C1379A9}.Debug|Any CPU.Deploy.0 = Debug|Any CPU
		{A42F3BF7-8230-4FD4-BE4E-ED1C5C1379A9}.Debug|x64.ActiveCfg = Debug|Any CPU
		{A42F3BF7-8230-4FD4-BE4E-ED1C5C1379A9}.Debug|x64.Build.0 = Debug|Any CPU
		{A42F3BF7-8230-4FD4-BE4E-ED1C5C1379A9}.Debug|x64.Deploy.0 = Debug|Any CPU
		{A42F3BF7-8230-4FD4-BE4E-ED1C5C1379A9}.Debug|x86.ActiveCfg = Debug|Any CPU
		{A42F3BF7-8230-4FD4-BE4E-ED1C5C1379A9}.Debug|x86.Build.0 = Debug|Any CPU
		{A42F3BF7-8230-4FD4-BE4E-ED1C5C1379A9}.Debug|x86.Deploy.0 = Debug|Any CPU
		{A42F3BF7-8230-4FD4-BE4E-ED1C5C1379A9}.Release|Any CPU.ActiveCfg = Release|Any CPU
		{A42F3BF7-8230-4FD4-BE4E-ED1C5C1379A9}.Release|Any CPU.Build.0 = Release|Any CPU
		{A42F3BF7-8230-4FD4-BE4E-ED1C5C1379A9}.Release|Any CPU.Deploy.0 = Release|Any CPU
		{A42F3BF7-8230-4FD4-BE4E-ED1C5C1379A9}.Release|x64.ActiveCfg = Release|Any CPU
		{A42F3BF7-8230-4FD4-BE4E-ED1C5C1379A9}.Release|x64.Build.0 = Release|Any CPU
		{A42F3BF7-8230-4FD4-BE4E-ED1C5C1379A9}.Release|x64.Deploy.0 = Release|Any CPU
		{A42F3BF7-8230-4FD4-BE4E-ED1C5C1379A9}.Release|x86.ActiveCfg = Release|Any CPU
		{A42F3BF7-8230-4FD4-BE4E-ED1C5C1379A9}.Release|x86.Build.0 = Release|Any CPU
		{A42F3BF7-8230-4FD4-BE4E-ED1C5C1379A9}.Release|x86.Deploy.0 = Release|Any CPU
		{0E816802-0EEA-4820-A593-AA4041239882}.Debug|Any CPU.ActiveCfg = Debug|Any CPU
		{0E816802-0EEA-4820-A593-AA4041239882}.Debug|Any CPU.Build.0 = Debug|Any CPU
		{0E816802-0EEA-4820-A593-AA4041239882}.Debug|x64.ActiveCfg = Debug|Any CPU
		{0E816802-0EEA-4820-A593-AA4041239882}.Debug|x64.Build.0 = Debug|Any CPU
		{0E816802-0EEA-4820-A593-AA4041239882}.Debug|x86.ActiveCfg = Debug|Any CPU
		{0E816802-0EEA-4820-A593-AA4041239882}.Debug|x86.Build.0 = Debug|Any CPU
		{0E816802-0EEA-4820-A593-AA4041239882}.Release|Any CPU.ActiveCfg = Release|Any CPU
		{0E816802-0EEA-4820-A593-AA4041239882}.Release|Any CPU.Build.0 = Release|Any CPU
		{0E816802-0EEA-4820-A593-AA4041239882}.Release|x64.ActiveCfg = Release|Any CPU
		{0E816802-0EEA-4820-A593-AA4041239882}.Release|x64.Build.0 = Release|Any CPU
		{0E816802-0EEA-4820-A593-AA4041239882}.Release|x86.ActiveCfg = Release|Any CPU
		{0E816802-0EEA-4820-A593-AA4041239882}.Release|x86.Build.0 = Release|Any CPU
		{C7E41DFA-5F69-407E-83C2-71929DD4C947}.Debug|Any CPU.ActiveCfg = Debug|Any CPU
		{C7E41DFA-5F69-407E-83C2-71929DD4C947}.Debug|Any CPU.Build.0 = Debug|Any CPU
		{C7E41DFA-5F69-407E-83C2-71929DD4C947}.Debug|x64.ActiveCfg = Debug|Any CPU
		{C7E41DFA-5F69-407E-83C2-71929DD4C947}.Debug|x64.Build.0 = Debug|Any CPU
		{C7E41DFA-5F69-407E-83C2-71929DD4C947}.Debug|x86.ActiveCfg = Debug|Any CPU
		{C7E41DFA-5F69-407E-83C2-71929DD4C947}.Debug|x86.Build.0 = Debug|Any CPU
		{C7E41DFA-5F69-407E-83C2-71929DD4C947}.Release|Any CPU.ActiveCfg = Release|Any CPU
		{C7E41DFA-5F69-407E-83C2-71929DD4C947}.Release|Any CPU.Build.0 = Release|Any CPU
		{C7E41DFA-5F69-407E-83C2-71929DD4C947}.Release|x64.ActiveCfg = Release|Any CPU
		{C7E41DFA-5F69-407E-83C2-71929DD4C947}.Release|x64.Build.0 = Release|Any CPU
		{C7E41DFA-5F69-407E-83C2-71929DD4C947}.Release|x86.ActiveCfg = Release|Any CPU
		{C7E41DFA-5F69-407E-83C2-71929DD4C947}.Release|x86.Build.0 = Release|Any CPU
		{E04EC13D-7071-4529-A849-A6D2E499288C}.Debug|Any CPU.ActiveCfg = Debug|Any CPU
		{E04EC13D-7071-4529-A849-A6D2E499288C}.Debug|Any CPU.Build.0 = Debug|Any CPU
		{E04EC13D-7071-4529-A849-A6D2E499288C}.Debug|x64.ActiveCfg = Debug|x64
		{E04EC13D-7071-4529-A849-A6D2E499288C}.Debug|x64.Build.0 = Debug|x64
		{E04EC13D-7071-4529-A849-A6D2E499288C}.Debug|x86.ActiveCfg = Debug|x86
		{E04EC13D-7071-4529-A849-A6D2E499288C}.Debug|x86.Build.0 = Debug|x86
		{E04EC13D-7071-4529-A849-A6D2E499288C}.Release|Any CPU.ActiveCfg = Release|Any CPU
		{E04EC13D-7071-4529-A849-A6D2E499288C}.Release|Any CPU.Build.0 = Release|Any CPU
		{E04EC13D-7071-4529-A849-A6D2E499288C}.Release|x64.ActiveCfg = Release|x64
		{E04EC13D-7071-4529-A849-A6D2E499288C}.Release|x64.Build.0 = Release|x64
		{E04EC13D-7071-4529-A849-A6D2E499288C}.Release|x86.ActiveCfg = Release|x86
		{E04EC13D-7071-4529-A849-A6D2E499288C}.Release|x86.Build.0 = Release|x86
	EndGlobalSection
	GlobalSection(SolutionProperties) = preSolution
		HideSolutionNode = FALSE
	EndGlobalSection
EndGlobal
